// !$*UTF8*$!
{
	archiveVersion = 1;
	classes = {
	};
	objectVersion = 55;
	objects = {

/* Begin PBXBuildFile section */
		97C2527328030717004876DA /* swift_tutorialApp.swift in Sources */ = {isa = PBXBuildFile; fileRef = 97C2527228030717004876DA /* swift_tutorialApp.swift */; };
		97C2527528030717004876DA /* ContentView.swift in Sources */ = {isa = PBXBuildFile; fileRef = 97C2527428030717004876DA /* ContentView.swift */; };
		97C2527728030718004876DA /* Assets.xcassets in Resources */ = {isa = PBXBuildFile; fileRef = 97C2527628030718004876DA /* Assets.xcassets */; };
		97C2527A28030718004876DA /* Preview Assets.xcassets in Resources */ = {isa = PBXBuildFile; fileRef = 97C2527928030718004876DA /* Preview Assets.xcassets */; };
		97C2528428030718004876DA /* swift_tutorialTests.swift in Sources */ = {isa = PBXBuildFile; fileRef = 97C2528328030718004876DA /* swift_tutorialTests.swift */; };
		97C2528E28030718004876DA /* swift_tutorialUITests.swift in Sources */ = {isa = PBXBuildFile; fileRef = 97C2528D28030718004876DA /* swift_tutorialUITests.swift */; };
		97C2529028030718004876DA /* swift_tutorialUITestsLaunchTests.swift in Sources */ = {isa = PBXBuildFile; fileRef = 97C2528F28030718004876DA /* swift_tutorialUITestsLaunchTests.swift */; };
/* End PBXBuildFile section */

/* Begin PBXContainerItemProxy section */
		97C2528028030718004876DA /* PBXContainerItemProxy */ = {
			isa = PBXContainerItemProxy;
			containerPortal = 97C2526728030717004876DA /* Project object */;
			proxyType = 1;
			remoteGlobalIDString = 97C2526E28030717004876DA;
			remoteInfo = "swift-tutorial";
		};
		97C2528A28030718004876DA /* PBXContainerItemProxy */ = {
			isa = PBXContainerItemProxy;
			containerPortal = 97C2526728030717004876DA /* Project object */;
			proxyType = 1;
			remoteGlobalIDString = 97C2526E28030717004876DA;
			remoteInfo = "swift-tutorial";
		};
/* End PBXContainerItemProxy section */

/* Begin PBXFileReference section */
		97C2526F28030717004876DA /* swift-tutorial.app */ = {isa = PBXFileReference; explicitFileType = wrapper.application; includeInIndex = 0; path = "swift-tutorial.app"; sourceTree = BUILT_PRODUCTS_DIR; };
		97C2527228030717004876DA /* swift_tutorialApp.swift */ = {isa = PBXFileReference; lastKnownFileType = sourcecode.swift; path = swift_tutorialApp.swift; sourceTree = "<group>"; };
		97C2527428030717004876DA /* ContentView.swift */ = {isa = PBXFileReference; lastKnownFileType = sourcecode.swift; path = ContentView.swift; sourceTree = "<group>"; };
		97C2527628030718004876DA /* Assets.xcassets */ = {isa = PBXFileReference; lastKnownFileType = folder.assetcatalog; path = Assets.xcassets; sourceTree = "<group>"; };
		97C2527928030718004876DA /* Preview Assets.xcassets */ = {isa = PBXFileReference; lastKnownFileType = folder.assetcatalog; path = "Preview Assets.xcassets"; sourceTree = "<group>"; };
		97C2527F28030718004876DA /* swift-tutorialTests.xctest */ = {isa = PBXFileReference; explicitFileType = wrapper.cfbundle; includeInIndex = 0; path = "swift-tutorialTests.xctest"; sourceTree = BUILT_PRODUCTS_DIR; };
		97C2528328030718004876DA /* swift_tutorialTests.swift */ = {isa = PBXFileReference; lastKnownFileType = sourcecode.swift; path = swift_tutorialTests.swift; sourceTree = "<group>"; };
		97C2528928030718004876DA /* swift-tutorialUITests.xctest */ = {isa = PBXFileReference; explicitFileType = wrapper.cfbundle; includeInIndex = 0; path = "swift-tutorialUITests.xctest"; sourceTree = BUILT_PRODUCTS_DIR; };
		97C2528D28030718004876DA /* swift_tutorialUITests.swift */ = {isa = PBXFileReference; lastKnownFileType = sourcecode.swift; path = swift_tutorialUITests.swift; sourceTree = "<group>"; };
		97C2528F28030718004876DA /* swift_tutorialUITestsLaunchTests.swift */ = {isa = PBXFileReference; lastKnownFileType = sourcecode.swift; path = swift_tutorialUITestsLaunchTests.swift; sourceTree = "<group>"; };
/* End PBXFileReference section */

/* Begin PBXFrameworksBuildPhase section */
		97C2526C28030717004876DA /* Frameworks */ = {
			isa = PBXFrameworksBuildPhase;
			buildActionMask = 2147483647;
			files = (
			);
			runOnlyForDeploymentPostprocessing = 0;
		};
		97C2527C28030718004876DA /* Frameworks */ = {
			isa = PBXFrameworksBuildPhase;
			buildActionMask = 2147483647;
			files = (
			);
			runOnlyForDeploymentPostprocessing = 0;
		};
		97C2528628030718004876DA /* Frameworks */ = {
			isa = PBXFrameworksBuildPhase;
			buildActionMask = 2147483647;
			files = (
			);
			runOnlyForDeploymentPostprocessing = 0;
		};
/* End PBXFrameworksBuildPhase section */

/* Begin PBXGroup section */
		97C2526628030717004876DA = {
			isa = PBXGroup;
			children = (
				97C2527128030717004876DA /* swift-tutorial */,
				97C2528228030718004876DA /* swift-tutorialTests */,
				97C2528C28030718004876DA /* swift-tutorialUITests */,
				97C2527028030717004876DA /* Products */,
			);
			sourceTree = "<group>";
		};
		97C2527028030717004876DA /* Products */ = {
			isa = PBXGroup;
			children = (
				97C2526F28030717004876DA /* swift-tutorial.app */,
				97C2527F28030718004876DA /* swift-tutorialTests.xctest */,
				97C2528928030718004876DA /* swift-tutorialUITests.xctest */,
			);
			name = Products;
			sourceTree = "<group>";
		};
		97C2527128030717004876DA /* swift-tutorial */ = {
			isa = PBXGroup;
			children = (
				97C2527228030717004876DA /* swift_tutorialApp.swift */,
				97C2527428030717004876DA /* ContentView.swift */,
				97C2527628030718004876DA /* Assets.xcassets */,
				97C2527828030718004876DA /* Preview Content */,
			);
			path = "swift-tutorial";
			sourceTree = "<group>";
		};
		97C2527828030718004876DA /* Preview Content */ = {
			isa = PBXGroup;
			children = (
				97C2527928030718004876DA /* Preview Assets.xcassets */,
			);
			path = "Preview Content";
			sourceTree = "<group>";
		};
		97C2528228030718004876DA /* swift-tutorialTests */ = {
			isa = PBXGroup;
			children = (
				97C2528328030718004876DA /* swift_tutorialTests.swift */,
			);
			path = "swift-tutorialTests";
			sourceTree = "<group>";
		};
		97C2528C28030718004876DA /* swift-tutorialUITests */ = {
			isa = PBXGroup;
			children = (
				97C2528D28030718004876DA /* swift_tutorialUITests.swift */,
				97C2528F28030718004876DA /* swift_tutorialUITestsLaunchTests.swift */,
			);
			path = "swift-tutorialUITests";
			sourceTree = "<group>";
		};
/* End PBXGroup section */

/* Begin PBXNativeTarget section */
		97C2526E28030717004876DA /* swift-tutorial */ = {
			isa = PBXNativeTarget;
			buildConfigurationList = 97C2529328030718004876DA /* Build configuration list for PBXNativeTarget "swift-tutorial" */;
			buildPhases = (
				97C2526B28030717004876DA /* Sources */,
				97C2526C28030717004876DA /* Frameworks */,
				97C2526D28030717004876DA /* Resources */,
			);
			buildRules = (
			);
			dependencies = (
			);
			name = "swift-tutorial";
			productName = "swift-tutorial";
			productReference = 97C2526F28030717004876DA /* swift-tutorial.app */;
			productType = "com.apple.product-type.application";
		};
		97C2527E28030718004876DA /* swift-tutorialTests */ = {
			isa = PBXNativeTarget;
			buildConfigurationList = 97C2529628030718004876DA /* Build configuration list for PBXNativeTarget "swift-tutorialTests" */;
			buildPhases = (
				97C2527B28030718004876DA /* Sources */,
				97C2527C28030718004876DA /* Frameworks */,
				97C2527D28030718004876DA /* Resources */,
			);
			buildRules = (
			);
			dependencies = (
				97C2528128030718004876DA /* PBXTargetDependency */,
			);
			name = "swift-tutorialTests";
			productName = "swift-tutorialTests";
			productReference = 97C2527F28030718004876DA /* swift-tutorialTests.xctest */;
			productType = "com.apple.product-type.bundle.unit-test";
		};
		97C2528828030718004876DA /* swift-tutorialUITests */ = {
			isa = PBXNativeTarget;
			buildConfigurationList = 97C2529928030718004876DA /* Build configuration list for PBXNativeTarget "swift-tutorialUITests" */;
			buildPhases = (
				97C2528528030718004876DA /* Sources */,
				97C2528628030718004876DA /* Frameworks */,
				97C2528728030718004876DA /* Resources */,
			);
			buildRules = (
			);
			dependencies = (
				97C2528B28030718004876DA /* PBXTargetDependency */,
			);
			name = "swift-tutorialUITests";
			productName = "swift-tutorialUITests";
			productReference = 97C2528928030718004876DA /* swift-tutorialUITests.xctest */;
			productType = "com.apple.product-type.bundle.ui-testing";
		};
/* End PBXNativeTarget section */

/* Begin PBXProject section */
		97C2526728030717004876DA /* Project object */ = {
			isa = PBXProject;
			attributes = {
				BuildIndependentTargetsInParallel = 1;
				LastSwiftUpdateCheck = 1330;
				LastUpgradeCheck = 1330;
				TargetAttributes = {
					97C2526E28030717004876DA = {
						CreatedOnToolsVersion = 13.3;
					};
					97C2527E28030718004876DA = {
						CreatedOnToolsVersion = 13.3;
						TestTargetID = 97C2526E28030717004876DA;
					};
					97C2528828030718004876DA = {
						CreatedOnToolsVersion = 13.3;
						TestTargetID = 97C2526E28030717004876DA;
					};
				};
			};
			buildConfigurationList = 97C2526A28030717004876DA /* Build configuration list for PBXProject "swift-tutorial" */;
			compatibilityVersion = "Xcode 13.0";
			developmentRegion = en;
			hasScannedForEncodings = 0;
			knownRegions = (
				en,
				Base,
			);
			mainGroup = 97C2526628030717004876DA;
			productRefGroup = 97C2527028030717004876DA /* Products */;
			projectDirPath = "";
			projectRoot = "";
			targets = (
				97C2526E28030717004876DA /* swift-tutorial */,
				97C2527E28030718004876DA /* swift-tutorialTests */,
				97C2528828030718004876DA /* swift-tutorialUITests */,
			);
		};
/* End PBXProject section */

/* Begin PBXResourcesBuildPhase section */
		97C2526D28030717004876DA /* Resources */ = {
			isa = PBXResourcesBuildPhase;
			buildActionMask = 2147483647;
			files = (
				97C2527A28030718004876DA /* Preview Assets.xcassets in Resources */,
				97C2527728030718004876DA /* Assets.xcassets in Resources */,
			);
			runOnlyForDeploymentPostprocessing = 0;
		};
		97C2527D28030718004876DA /* Resources */ = {
			isa = PBXResourcesBuildPhase;
			buildActionMask = 2147483647;
			files = (
			);
			runOnlyForDeploymentPostprocessing = 0;
		};
		97C2528728030718004876DA /* Resources */ = {
			isa = PBXResourcesBuildPhase;
			buildActionMask = 2147483647;
			files = (
			);
			runOnlyForDeploymentPostprocessing = 0;
		};
/* End PBXResourcesBuildPhase section */

/* Begin PBXSourcesBuildPhase section */
		97C2526B28030717004876DA /* Sources */ = {
			isa = PBXSourcesBuildPhase;
			buildActionMask = 2147483647;
			files = (
				97C2527528030717004876DA /* ContentView.swift in Sources */,
				97C2527328030717004876DA /* swift_tutorialApp.swift in Sources */,
			);
			runOnlyForDeploymentPostprocessing = 0;
		};
		97C2527B28030718004876DA /* Sources */ = {
			isa = PBXSourcesBuildPhase;
			buildActionMask = 2147483647;
			files = (
				97C2528428030718004876DA /* swift_tutorialTests.swift in Sources */,
			);
			runOnlyForDeploymentPostprocessing = 0;
		};
		97C2528528030718004876DA /* Sources */ = {
			isa = PBXSourcesBuildPhase;
			buildActionMask = 2147483647;
			files = (
				97C2529028030718004876DA /* swift_tutorialUITestsLaunchTests.swift in Sources */,
				97C2528E28030718004876DA /* swift_tutorialUITests.swift in Sources */,
			);
			runOnlyForDeploymentPostprocessing = 0;
		};
/* End PBXSourcesBuildPhase section */

/* Begin PBXTargetDependency section */
		97C2528128030718004876DA /* PBXTargetDependency */ = {
			isa = PBXTargetDependency;
			target = 97C2526E28030717004876DA /* swift-tutorial */;
			targetProxy = 97C2528028030718004876DA /* PBXContainerItemProxy */;
		};
		97C2528B28030718004876DA /* PBXTargetDependency */ = {
			isa = PBXTargetDependency;
			target = 97C2526E28030717004876DA /* swift-tutorial */;
			targetProxy = 97C2528A28030718004876DA /* PBXContainerItemProxy */;
		};
/* End PBXTargetDependency section */

/* Begin XCBuildConfiguration section */
		97C2529128030718004876DA /* Debug */ = {
			isa = XCBuildConfiguration;
			buildSettings = {
				ALWAYS_SEARCH_USER_PATHS = NO;
				CLANG_ANALYZER_NONNULL = YES;
				CLANG_ANALYZER_NUMBER_OBJECT_CONVERSION = YES_AGGRESSIVE;
				CLANG_CXX_LANGUAGE_STANDARD = "gnu++17";
				CLANG_ENABLE_MODULES = YES;
				CLANG_ENABLE_OBJC_ARC = YES;
				CLANG_ENABLE_OBJC_WEAK = YES;
				CLANG_WARN_BLOCK_CAPTURE_AUTORELEASING = YES;
				CLANG_WARN_BOOL_CONVERSION = YES;
				CLANG_WARN_COMMA = YES;
				CLANG_WARN_CONSTANT_CONVERSION = YES;
				CLANG_WARN_DEPRECATED_OBJC_IMPLEMENTATIONS = YES;
				CLANG_WARN_DIRECT_OBJC_ISA_USAGE = YES_ERROR;
				CLANG_WARN_DOCUMENTATION_COMMENTS = YES;
				CLANG_WARN_EMPTY_BODY = YES;
				CLANG_WARN_ENUM_CONVERSION = YES;
				CLANG_WARN_INFINITE_RECURSION = YES;
				CLANG_WARN_INT_CONVERSION = YES;
				CLANG_WARN_NON_LITERAL_NULL_CONVERSION = YES;
				CLANG_WARN_OBJC_IMPLICIT_RETAIN_SELF = YES;
				CLANG_WARN_OBJC_LITERAL_CONVERSION = YES;
				CLANG_WARN_OBJC_ROOT_CLASS = YES_ERROR;
				CLANG_WARN_QUOTED_INCLUDE_IN_FRAMEWORK_HEADER = YES;
				CLANG_WARN_RANGE_LOOP_ANALYSIS = YES;
				CLANG_WARN_STRICT_PROTOTYPES = YES;
				CLANG_WARN_SUSPICIOUS_MOVE = YES;
				CLANG_WARN_UNGUARDED_AVAILABILITY = YES_AGGRESSIVE;
				CLANG_WARN_UNREACHABLE_CODE = YES;
				CLANG_WARN__DUPLICATE_METHOD_MATCH = YES;
				COPY_PHASE_STRIP = NO;
				DEBUG_INFORMATION_FORMAT = dwarf;
				ENABLE_STRICT_OBJC_MSGSEND = YES;
				ENABLE_TESTABILITY = YES;
				GCC_C_LANGUAGE_STANDARD = gnu11;
				GCC_DYNAMIC_NO_PIC = NO;
				GCC_NO_COMMON_BLOCKS = YES;
				GCC_OPTIMIZATION_LEVEL = 0;
				GCC_PREPROCESSOR_DEFINITIONS = (
					"DEBUG=1",
					"$(inherited)",
				);
				GCC_WARN_64_TO_32_BIT_CONVERSION = YES;
				GCC_WARN_ABOUT_RETURN_TYPE = YES_ERROR;
				GCC_WARN_UNDECLARED_SELECTOR = YES;
				GCC_WARN_UNINITIALIZED_AUTOS = YES_AGGRESSIVE;
				GCC_WARN_UNUSED_FUNCTION = YES;
				GCC_WARN_UNUSED_VARIABLE = YES;
				IPHONEOS_DEPLOYMENT_TARGET = 15.4;
				MTL_ENABLE_DEBUG_INFO = INCLUDE_SOURCE;
				MTL_FAST_MATH = YES;
				ONLY_ACTIVE_ARCH = YES;
				SDKROOT = iphoneos;
				SWIFT_ACTIVE_COMPILATION_CONDITIONS = DEBUG;
				SWIFT_OPTIMIZATION_LEVEL = "-Onone";
			};
			name = Debug;
		};
		97C2529228030718004876DA /* Release */ = {
			isa = XCBuildConfiguration;
			buildSettings = {
				ALWAYS_SEARCH_USER_PATHS = NO;
				CLANG_ANALYZER_NONNULL = YES;
				CLANG_ANALYZER_NUMBER_OBJECT_CONVERSION = YES_AGGRESSIVE;
				CLANG_CXX_LANGUAGE_STANDARD = "gnu++17";
				CLANG_ENABLE_MODULES = YES;
				CLANG_ENABLE_OBJC_ARC = YES;
				CLANG_ENABLE_OBJC_WEAK = YES;
				CLANG_WARN_BLOCK_CAPTURE_AUTORELEASING = YES;
				CLANG_WARN_BOOL_CONVERSION = YES;
				CLANG_WARN_COMMA = YES;
				CLANG_WARN_CONSTANT_CONVERSION = YES;
				CLANG_WARN_DEPRECATED_OBJC_IMPLEMENTATIONS = YES;
				CLANG_WARN_DIRECT_OBJC_ISA_USAGE = YES_ERROR;
				CLANG_WARN_DOCUMENTATION_COMMENTS = YES;
				CLANG_WARN_EMPTY_BODY = YES;
				CLANG_WARN_ENUM_CONVERSION = YES;
				CLANG_WARN_INFINITE_RECURSION = YES;
				CLANG_WARN_INT_CONVERSION = YES;
				CLANG_WARN_NON_LITERAL_NULL_CONVERSION = YES;
				CLANG_WARN_OBJC_IMPLICIT_RETAIN_SELF = YES;
				CLANG_WARN_OBJC_LITERAL_CONVERSION = YES;
				CLANG_WARN_OBJC_ROOT_CLASS = YES_ERROR;
				CLANG_WARN_QUOTED_INCLUDE_IN_FRAMEWORK_HEADER = YES;
				CLANG_WARN_RANGE_LOOP_ANALYSIS = YES;
				CLANG_WARN_STRICT_PROTOTYPES = YES;
				CLANG_WARN_SUSPICIOUS_MOVE = YES;
				CLANG_WARN_UNGUARDED_AVAILABILITY = YES_AGGRESSIVE;
				CLANG_WARN_UNREACHABLE_CODE = YES;
				CLANG_WARN__DUPLICATE_METHOD_MATCH = YES;
				COPY_PHASE_STRIP = NO;
				DEBUG_INFORMATION_FORMAT = "dwarf-with-dsym";
				ENABLE_NS_ASSERTIONS = NO;
				ENABLE_STRICT_OBJC_MSGSEND = YES;
				GCC_C_LANGUAGE_STANDARD = gnu11;
				GCC_NO_COMMON_BLOCKS = YES;
				GCC_WARN_64_TO_32_BIT_CONVERSION = YES;
				GCC_WARN_ABOUT_RETURN_TYPE = YES_ERROR;
				GCC_WARN_UNDECLARED_SELECTOR = YES;
				GCC_WARN_UNINITIALIZED_AUTOS = YES_AGGRESSIVE;
				GCC_WARN_UNUSED_FUNCTION = YES;
				GCC_WARN_UNUSED_VARIABLE = YES;
				IPHONEOS_DEPLOYMENT_TARGET = 15.4;
				MTL_ENABLE_DEBUG_INFO = NO;
				MTL_FAST_MATH = YES;
				SDKROOT = iphoneos;
				SWIFT_COMPILATION_MODE = wholemodule;
				SWIFT_OPTIMIZATION_LEVEL = "-O";
				VALIDATE_PRODUCT = YES;
			};
			name = Release;
		};
		97C2529428030718004876DA /* Debug */ = {
			isa = XCBuildConfiguration;
			buildSettings = {
				ASSETCATALOG_COMPILER_APPICON_NAME = AppIcon;
				ASSETCATALOG_COMPILER_GLOBAL_ACCENT_COLOR_NAME = AccentColor;
				CODE_SIGN_STYLE = Automatic;
				CURRENT_PROJECT_VERSION = 1;
				DEVELOPMENT_ASSET_PATHS = "\"swift-tutorial/Preview Content\"";
				DEVELOPMENT_TEAM = 5Q9399ZKMY;
				ENABLE_PREVIEWS = YES;
				GENERATE_INFOPLIST_FILE = YES;
				INFOPLIST_KEY_UIApplicationSceneManifest_Generation = YES;
				INFOPLIST_KEY_UIApplicationSupportsIndirectInputEvents = YES;
				INFOPLIST_KEY_UILaunchScreen_Generation = YES;
				INFOPLIST_KEY_UISupportedInterfaceOrientations_iPad = "UIInterfaceOrientationPortrait UIInterfaceOrientationPortraitUpsideDown UIInterfaceOrientationLandscapeLeft UIInterfaceOrientationLandscapeRight";
				INFOPLIST_KEY_UISupportedInterfaceOrientations_iPhone = "UIInterfaceOrientationPortrait UIInterfaceOrientationLandscapeLeft UIInterfaceOrientationLandscapeRight";
				LD_RUNPATH_SEARCH_PATHS = (
					"$(inherited)",
					"@executable_path/Frameworks",
				);
				MARKETING_VERSION = 1.0;
				PRODUCT_BUNDLE_IDENTIFIER = "com.raven.swift-tutorial";
				PRODUCT_NAME = "$(TARGET_NAME)";
				SWIFT_EMIT_LOC_STRINGS = YES;
				SWIFT_VERSION = 5.0;
				TARGETED_DEVICE_FAMILY = "1,2";
			};
			name = Debug;
		};
		97C2529528030718004876DA /* Release */ = {
			isa = XCBuildConfiguration;
			buildSettings = {
				ASSETCATALOG_COMPILER_APPICON_NAME = AppIcon;
				ASSETCATALOG_COMPILER_GLOBAL_ACCENT_COLOR_NAME = AccentColor;
				CODE_SIGN_STYLE = Automatic;
				CURRENT_PROJECT_VERSION = 1;
				DEVELOPMENT_ASSET_PATHS = "\"swift-tutorial/Preview Content\"";
				DEVELOPMENT_TEAM = 5Q9399ZKMY;
				ENABLE_PREVIEWS = YES;
				GENERATE_INFOPLIST_FILE = YES;
				INFOPLIST_KEY_UIApplicationSceneManifest_Generation = YES;
				INFOPLIST_KEY_UIApplicationSupportsIndirectInputEvents = YES;
				INFOPLIST_KEY_UILaunchScreen_Generation = YES;
				INFOPLIST_KEY_UISupportedInterfaceOrientations_iPad = "UIInterfaceOrientationPortrait UIInterfaceOrientationPortraitUpsideDown UIInterfaceOrientationLandscapeLeft UIInterfaceOrientationLandscapeRight";
				INFOPLIST_KEY_UISupportedInterfaceOrientations_iPhone = "UIInterfaceOrientationPortrait UIInterfaceOrientationLandscapeLeft UIInterfaceOrientationLandscapeRight";
				LD_RUNPATH_SEARCH_PATHS = (
					"$(inherited)",
					"@executable_path/Frameworks",
				);
				MARKETING_VERSION = 1.0;
				PRODUCT_BUNDLE_IDENTIFIER = "com.raven.swift-tutorial";
				PRODUCT_NAME = "$(TARGET_NAME)";
				SWIFT_EMIT_LOC_STRINGS = YES;
				SWIFT_VERSION = 5.0;
				TARGETED_DEVICE_FAMILY = "1,2";
			};
			name = Release;
		};
		97C2529728030718004876DA /* Debug */ = {
			isa = XCBuildConfiguration;
			buildSettings = {
				ALWAYS_EMBED_SWIFT_STANDARD_LIBRARIES = YES;
				BUNDLE_LOADER = "$(TEST_HOST)";
				CODE_SIGN_STYLE = Automatic;
				CURRENT_PROJECT_VERSION = 1;
				DEVELOPMENT_TEAM = 5Q9399ZKMY;
				GENERATE_INFOPLIST_FILE = YES;
				IPHONEOS_DEPLOYMENT_TARGET = 15.4;
				MARKETING_VERSION = 1.0;
				PRODUCT_BUNDLE_IDENTIFIER = "com.raven.swift-tutorialTests";
				PRODUCT_NAME = "$(TARGET_NAME)";
				SWIFT_EMIT_LOC_STRINGS = NO;
				SWIFT_VERSION = 5.0;
				TARGETED_DEVICE_FAMILY = "1,2";
				TEST_HOST = "$(BUILT_PRODUCTS_DIR)/swift-tutorial.app/swift-tutorial";
			};
			name = Debug;
		};
		97C2529828030718004876DA /* Release */ = {
			isa = XCBuildConfiguration;
			buildSettings = {
				ALWAYS_EMBED_SWIFT_STANDARD_LIBRARIES = YES;
				BUNDLE_LOADER = "$(TEST_HOST)";
				CODE_SIGN_STYLE = Automatic;
				CURRENT_PROJECT_VERSION = 1;
				DEVELOPMENT_TEAM = 5Q9399ZKMY;
				GENERATE_INFOPLIST_FILE = YES;
				IPHONEOS_DEPLOYMENT_TARGET = 15.4;
				MARKETING_VERSION = 1.0;
				PRODUCT_BUNDLE_IDENTIFIER = "com.raven.swift-tutorialTests";
				PRODUCT_NAME = "$(TARGET_NAME)";
				SWIFT_EMIT_LOC_STRINGS = NO;
				SWIFT_VERSION = 5.0;
				TARGETED_DEVICE_FAMILY = "1,2";
				TEST_HOST = "$(BUILT_PRODUCTS_DIR)/swift-tutorial.app/swift-tutorial";
			};
			name = Release;
		};
		97C2529A28030718004876DA /* Debug */ = {
			isa = XCBuildConfiguration;
			buildSettings = {
				ALWAYS_EMBED_SWIFT_STANDARD_LIBRARIES = YES;
				CODE_SIGN_STYLE = Automatic;
				CURRENT_PROJECT_VERSION = 1;
				DEVELOPMENT_TEAM = 5Q9399ZKMY;
				GENERATE_INFOPLIST_FILE = YES;
				MARKETING_VERSION = 1.0;
				PRODUCT_BUNDLE_IDENTIFIER = "com.raven.swift-tutorialUITests";
				PRODUCT_NAME = "$(TARGET_NAME)";
				SWIFT_EMIT_LOC_STRINGS = NO;
				SWIFT_VERSION = 5.0;
				TARGETED_DEVICE_FAMILY = "1,2";
				TEST_TARGET_NAME = "swift-tutorial";
			};
			name = Debug;
		};
		97C2529B28030718004876DA /* Release */ = {
			isa = XCBuildConfiguration;
			buildSettings = {
				ALWAYS_EMBED_SWIFT_STANDARD_LIBRARIES = YES;
				CODE_SIGN_STYLE = Automatic;
				CURRENT_PROJECT_VERSION = 1;
				DEVELOPMENT_TEAM = 5Q9399ZKMY;
				GENERATE_INFOPLIST_FILE = YES;
				MARKETING_VERSION = 1.0;
				PRODUCT_BUNDLE_IDENTIFIER = "com.raven.swift-tutorialUITests";
				PRODUCT_NAME = "$(TARGET_NAME)";
				SWIFT_EMIT_LOC_STRINGS = NO;
				SWIFT_VERSION = 5.0;
				TARGETED_DEVICE_FAMILY = "1,2";
				TEST_TARGET_NAME = "swift-tutorial";
			};
			name = Release;
		};
/* End XCBuildConfiguration section */

/* Begin XCConfigurationList section */
		97C2526A28030717004876DA /* Build configuration list for PBXProject "swift-tutorial" */ = {
			isa = XCConfigurationList;
			buildConfigurations = (
				97C2529128030718004876DA /* Debug */,
				97C2529228030718004876DA /* Release */,
			);
			defaultConfigurationIsVisible = 0;
			defaultConfigurationName = Release;
		};
		97C2529328030718004876DA /* Build configuration list for PBXNativeTarget "swift-tutorial" */ = {
			isa = XCConfigurationList;
			buildConfigurations = (
				97C2529428030718004876DA /* Debug */,
				97C2529528030718004876DA /* Release */,
			);
			defaultConfigurationIsVisible = 0;
			defaultConfigurationName = Release;
		};
		97C2529628030718004876DA /* Build configuration list for PBXNativeTarget "swift-tutorialTests" */ = {
			isa = XCConfigurationList;
			buildConfigurations = (
				97C2529728030718004876DA /* Debug */,
				97C2529828030718004876DA /* Release */,
			);
			defaultConfigurationIsVisible = 0;
			defaultConfigurationName = Release;
		};
		97C2529928030718004876DA /* Build configuration list for PBXNativeTarget "swift-tutorialUITests" */ = {
			isa = XCConfigurationList;
			buildConfigurations = (
				97C2529A28030718004876DA /* Debug */,
				97C2529B28030718004876DA /* Release */,
			);
			defaultConfigurationIsVisible = 0;
			defaultConfigurationName = Release;
		};
/* End XCConfigurationList section */
	};
	rootObject = 97C2526728030717004876DA /* Project object */;
}
